
Microsoft Visual Studio Solution File, Format Version 12.00
# Visual Studio Version 17
VisualStudioVersion = 17.13.35828.75 d17.13
MinimumVisualStudioVersion = 10.0.40219.1
Project("{FAE04EC0-301F-11D3-BF4B-00C04F79EFBC}") = "NautaRobbot", "NautaRobbot.csproj", "{DBE11097-A9FA-4744-8B15-0BC1C515666F}"
EndProject
Global
	GlobalSection(SolutionConfigurationPlatforms) = preSolution
		Debug|Any CPU = Debug|Any CPU
		Release|Any CPU = Release|Any CPU
	EndGlobalSection
	GlobalSection(ProjectConfigurationPlatforms) = postSolution
		{DBE11097-A9FA-4744-8B15-0BC1C515666F}.Debug|Any CPU.ActiveCfg = Debug|Any CPU
		{DBE11097-A9FA-4744-8B15-0BC1C515666F}.Debug|Any CPU.Build.0 = Debug|Any CPU
		{DBE11097-A9FA-4744-8B15-0BC1C515666F}.Release|Any CPU.ActiveCfg = Release|Any CPU
		{DBE11097-A9FA-4744-8B15-0BC1C515666F}.Release|Any CPU.Build.0 = Release|Any CPU
	EndGlobalSection
	GlobalSection(SolutionProperties) = preSolution
		HideSolutionNode = FALSE
	EndGlobalSection
	GlobalSection(ExtensibilityGlobals) = postSolution
		SolutionGuid = {439D14F2-E73C-440A-A71E-500DD3D20FEF}
	EndGlobalSection
EndGlobal
